PODS:
  - boltz_dart (0.1.6):
    - Flutter
  - Flutter (1.0.0)

DEPENDENCIES:
  - boltz_dart (from `.symlinks/plugins/boltz_dart/ios`)
  - Flutter (from `Flutter`)

EXTERNAL SOURCES:
  boltz_dart:
    :path: ".symlinks/plugins/boltz_dart/ios"
  Flutter:
    :path: Flutter

SPEC CHECKSUMS:
  boltz_dart: 6c0f63b330776a01b6f4aa0a2bdc89cb9d575257
  Flutter: e0871f40cf51350855a761d2e70bf5af5b9b5de7

PODFILE CHECKSUM: 819463e6a0290f5a72f145ba7cde16e8b6ef0796

COCOAPODS: 1.15.2
